{
  "name": "api",
  "lockfileVersion": 3,
  "requires": true,
  "packages": {
    "": {
      "dependencies": {
        "landroverdelar-api": "file:.."
      }
    },
    "..": {
      "name": "landroverdelar-api",
      "version": "0.1.0",
      "dependencies": {
        "@azure/functions": "^4.4.0",
        "hub": "file:.."
      },
      "devDependencies": {
        "typescript": "^5.5.0"
      }
    },
    "node_modules/landroverdelar-api": {
      "resolved": "..",
      "link": true
    }
  }
}
