{
  "name": "hub-api",
  "version": "0.1.0",
  "lockfileVersion": 3,
  "requires": true,
  "packages": {
    "": {
      "name": "hub-api",
      "dependencies": {
        "@azure/functions": "^4.4.0",
        "csv-parse": "^5.5.0"
      },
      "devDependencies": {
        "@types/csv-parse": "^1.2.5",
        "@types/react": "^19.1.11",
        "@types/react-dom": "^19.1.7",
        "typescript": "^5.5.4"
      }
    },
    "..": {
      "version": "0.0.0",
      "extraneous": true,
      "dependencies": {
        "react": "^19.1.1",
        "react-dom": "^19.1.1"
      },
      "devDependencies": {
        "@azure/static-web-apps-cli": "^2.0.6",
        "@eslint/js": "^9.33.0",
        "@tailwindcss/postcss": "^4.1.11",
        "@types/react": "^19.1.10",
        "@types/react-dom": "^19.1.7",
        "@vitejs/plugin-react": "^5.0.0",
        "autoprefixer": "^10.4.21",
        "eslint": "^9.33.0",
        "eslint-plugin-react-hooks": "^5.2.0",
        "eslint-plugin-react-refresh": "^0.4.20",
        "globals": "^16.3.0",
        "postcss": "^8.5.6",
        "tailwindcss": "^4.1.11",
        "typescript": "~5.8.3",
        "typescript-eslint": "^8.39.1",
        "vite": "^7.1.2"
      }
    },
    "node_modules/@azure/functions": {
      "version": "4.7.2",
      "resolved": "https://registry.npmjs.org/@azure/functions/-/functions-4.7.2.tgz",
      "integrity": "sha512-5ps8yz4gn6oZSzeQbpUreWHFYl/YS03F1Sk/pz7YJphfctRcHuLF5tcrdm9AyRiYzja4Bkd63bju+g/E27opPQ==",
      "license": "MIT",
      "dependencies": {
        "cookie": "^0.7.0",
        "long": "^4.0.0",
        "undici": "^5.29.0"
      },
      "engines": {
        "node": ">=18.0"
      }
    },
    "node_modules/@fastify/busboy": {
      "version": "2.1.1",
      "resolved": "https://registry.npmjs.org/@fastify/busboy/-/busboy-2.1.1.tgz",
      "integrity": "sha512-vBZP4NlzfOlerQTnba4aqZoMhE/a9HY7HRqoOPaETQcSQuWEIyZMHGfVu6w9wGtGK5fED5qRs2DteVCjOH60sA==",
      "license": "MIT",
      "engines": {
        "node": ">=14"
      }
    },
    "node_modules/@types/csv-parse": {
      "version": "1.2.5",
      "resolved": "https://registry.npmjs.org/@types/csv-parse/-/csv-parse-1.2.5.tgz",
      "integrity": "sha512-3PoFyWeuFGqale09vFydLQ6IGdvD+mizcXcB8s6ImWv+830IF0HckvewgcGVfGnTFImqvfvhpYZYod2QqGGGdg==",
      "deprecated": "This is a stub types definition. csv-parse provides its own type definitions, so you do not need this installed.",
      "dev": true,
      "license": "MIT",
      "dependencies": {
        "csv-parse": "*"
      }
    },
    "node_modules/@types/react": {
      "version": "19.1.11",
      "resolved": "https://registry.npmjs.org/@types/react/-/react-19.1.11.tgz",
      "integrity": "sha512-lr3jdBw/BGj49Eps7EvqlUaoeA0xpj3pc0RoJkHpYaCHkVK7i28dKyImLQb3JVlqs3aYSXf7qYuWOW/fgZnTXQ==",
      "dev": true,
      "license": "MIT",
      "dependencies": {
        "csstype": "^3.0.2"
      }
    },
    "node_modules/@types/react-dom": {
      "version": "19.1.7",
      "resolved": "https://registry.npmjs.org/@types/react-dom/-/react-dom-19.1.7.tgz",
      "integrity": "sha512-i5ZzwYpqjmrKenzkoLM2Ibzt6mAsM7pxB6BCIouEVVmgiqaMj1TjaK7hnA36hbW5aZv20kx7Lw6hWzPWg0Rurw==",
      "dev": true,
      "license": "MIT",
      "peerDependencies": {
        "@types/react": "^19.0.0"
      }
    },
    "node_modules/cookie": {
      "version": "0.7.2",
      "resolved": "https://registry.npmjs.org/cookie/-/cookie-0.7.2.tgz",
      "integrity": "sha512-yki5XnKuf750l50uGTllt6kKILY4nQ1eNIQatoXEByZ5dWgnKqbnqmTrBE5B4N7lrMJKQ2ytWMiTO2o0v6Ew/w==",
      "license": "MIT",
      "engines": {
        "node": ">= 0.6"
      }
    },
    "node_modules/csstype": {
      "version": "3.1.3",
      "resolved": "https://registry.npmjs.org/csstype/-/csstype-3.1.3.tgz",
      "integrity": "sha512-M1uQkMl8rQK/szD0LNhtqxIPLpimGm8sOBwU7lLnCpSbTyY3yeU1Vc7l4KT5zT4s/yOxHH5O7tIuuLOCnLADRw==",
      "dev": true,
      "license": "MIT"
    },
    "node_modules/csv-parse": {
      "version": "5.6.0",
      "resolved": "https://registry.npmjs.org/csv-parse/-/csv-parse-5.6.0.tgz",
      "integrity": "sha512-l3nz3euub2QMg5ouu5U09Ew9Wf6/wQ8I++ch1loQ0ljmzhmfZYrH9fflS22i/PQEvsPvxCwxgz5q7UB8K1JO4Q==",
      "license": "MIT"
    },
    "node_modules/long": {
      "version": "4.0.0",
      "resolved": "https://registry.npmjs.org/long/-/long-4.0.0.tgz",
      "integrity": "sha512-XsP+KhQif4bjX1kbuSiySJFNAehNxgLb6hPRGJ9QsUr8ajHkuXGdrHmFUTUUXhDwVX2R5bY4JNZEwbUiMhV+MA==",
      "license": "Apache-2.0"
    },
    "node_modules/typescript": {
      "version": "5.9.2",
      "resolved": "https://registry.npmjs.org/typescript/-/typescript-5.9.2.tgz",
      "integrity": "sha512-CWBzXQrc/qOkhidw1OzBTQuYRbfyxDXJMVJ1XNwUHGROVmuaeiEm3OslpZ1RV96d7SKKjZKrSJu3+t/xlw3R9A==",
      "dev": true,
      "license": "Apache-2.0",
      "bin": {
        "tsc": "bin/tsc",
        "tsserver": "bin/tsserver"
      },
      "engines": {
        "node": ">=14.17"
      }
    },
    "node_modules/undici": {
      "version": "5.29.0",
      "resolved": "https://registry.npmjs.org/undici/-/undici-5.29.0.tgz",
      "integrity": "sha512-raqeBD6NQK4SkWhQzeYKd1KmIG6dllBOTt55Rmkt4HtI9mwdWtJljnrXjAFUBLTSN67HWrOIZ3EPF4kjUw80Bg==",
      "license": "MIT",
      "dependencies": {
        "@fastify/busboy": "^2.0.0"
      },
      "engines": {
        "node": ">=14.0"
      }
    }
  }
}
